// !$*UTF8*$!
{
	archiveVersion = 1;
	classes = {
	};
	objectVersion = 50;
	objects = {

/* Begin PBXBuildFile section */
		602DDA1B25FDF7A800C3FA7F /* main.cpp in Sources */ = {isa = PBXBuildFile; fileRef = 602DDA1A25FDF7A800C3FA7F /* main.cpp */; };
		602DDA2725FDF8FF00C3FA7F /* ClientApp.cpp in Sources */ = {isa = PBXBuildFile; fileRef = 602DDA2525FDF8FF00C3FA7F /* ClientApp.cpp */; };
		602DDA3825FDFDC400C3FA7F /* Root.cpp in Sources */ = {isa = PBXBuildFile; fileRef = 602DDA3625FDFDC400C3FA7F /* Root.cpp */; };
		602DDA4225FDFFD300C3FA7F /* BaseManager.cpp in Sources */ = {isa = PBXBuildFile; fileRef = 602DDA4025FDFFD300C3FA7F /* BaseManager.cpp */; };
		602DDA4925FE01E300C3FA7F /* RenderManager.cpp in Sources */ = {isa = PBXBuildFile; fileRef = 602DDA4725FE01E300C3FA7F /* RenderManager.cpp */; };
		602DDA5625FE034400C3FA7F /* ResourceManager.cpp in Sources */ = {isa = PBXBuildFile; fileRef = 602DDA5425FE034400C3FA7F /* ResourceManager.cpp */; };
		602DDA5E25FE043F00C3FA7F /* BaseRenderer.cpp in Sources */ = {isa = PBXBuildFile; fileRef = 602DDA5C25FE043F00C3FA7F /* BaseRenderer.cpp */; };
		602DDA6325FE049700C3FA7F /* Renderer_OpenGL.cpp in Sources */ = {isa = PBXBuildFile; fileRef = 602DDA6125FE049700C3FA7F /* Renderer_OpenGL.cpp */; };
		602DDA6A25FE04FE00C3FA7F /* GLUT.framework in Frameworks */ = {isa = PBXBuildFile; fileRef = 602DDA6825FE04FE00C3FA7F /* GLUT.framework */; };
		602DDA6B25FE04FE00C3FA7F /* OpenGL.framework in Frameworks */ = {isa = PBXBuildFile; fileRef = 602DDA6925FE04FE00C3FA7F /* OpenGL.framework */; };
		602DDA7125FE091600C3FA7F /* Resource.cpp in Sources */ = {isa = PBXBuildFile; fileRef = 602DDA7025FE091600C3FA7F /* Resource.cpp */; };
		602DDA7625FE09A600C3FA7F /* Vector.cpp in Sources */ = {isa = PBXBuildFile; fileRef = 602DDA7425FE09A600C3FA7F /* Vector.cpp */; };
		602DDA7B25FE0ACB00C3FA7F /* StaticMesh.cpp in Sources */ = {isa = PBXBuildFile; fileRef = 602DDA7A25FE0ACB00C3FA7F /* StaticMesh.cpp */; };
		602DDA8225FE0EDB00C3FA7F /* ActorComponent.cpp in Sources */ = {isa = PBXBuildFile; fileRef = 602DDA8025FE0EDB00C3FA7F /* ActorComponent.cpp */; };
		602DDA8925FE0F6F00C3FA7F /* SceneComponent.cpp in Sources */ = {isa = PBXBuildFile; fileRef = 602DDA8725FE0F6F00C3FA7F /* SceneComponent.cpp */; };
		602DDA8D25FE0FB600C3FA7F /* Transform.cpp in Sources */ = {isa = PBXBuildFile; fileRef = 602DDA8B25FE0FB600C3FA7F /* Transform.cpp */; };
		602DDA9225FE11BE00C3FA7F /* PrimitiveComponent.cpp in Sources */ = {isa = PBXBuildFile; fileRef = 602DDA9025FE11BE00C3FA7F /* PrimitiveComponent.cpp */; };
		602DDA9825FE122E00C3FA7F /* Actor.cpp in Sources */ = {isa = PBXBuildFile; fileRef = 602DDA9625FE122E00C3FA7F /* Actor.cpp */; };
		602DDAA025FE137B00C3FA7F /* World.cpp in Sources */ = {isa = PBXBuildFile; fileRef = 602DDA9E25FE137B00C3FA7F /* World.cpp */; };
		602DDAA625FE1C6D00C3FA7F /* StaticMeshComponent.cpp in Sources */ = {isa = PBXBuildFile; fileRef = 602DDAA425FE1C6D00C3FA7F /* StaticMeshComponent.cpp */; };
/* End PBXBuildFile section */

/* Begin PBXCopyFilesBuildPhase section */
		602DDA1525FDF7A800C3FA7F /* CopyFiles */ = {
			isa = PBXCopyFilesBuildPhase;
			buildActionMask = 2147483647;
			dstPath = /usr/share/man/man1/;
			dstSubfolderSpec = 0;
			files = (
			);
			runOnlyForDeploymentPostprocessing = 1;
		};
/* End PBXCopyFilesBuildPhase section */

/* Begin PBXFileReference section */
		602DDA1725FDF7A800C3FA7F /* EEEEE */ = {isa = PBXFileReference; explicitFileType = "compiled.mach-o.executable"; includeInIndex = 0; path = EEEEE; sourceTree = BUILT_PRODUCTS_DIR; };
		602DDA1A25FDF7A800C3FA7F /* main.cpp */ = {isa = PBXFileReference; lastKnownFileType = sourcecode.cpp.cpp; path = main.cpp; sourceTree = "<group>"; };
		602DDA2525FDF8FF00C3FA7F /* ClientApp.cpp */ = {isa = PBXFileReference; lastKnownFileType = sourcecode.cpp.cpp; path = ClientApp.cpp; sourceTree = "<group>"; };
		602DDA2625FDF8FF00C3FA7F /* ClientApp.h */ = {isa = PBXFileReference; lastKnownFileType = sourcecode.c.h; path = ClientApp.h; sourceTree = "<group>"; };
		602DDA2D25FDFA1C00C3FA7F /* Singleton.h */ = {isa = PBXFileReference; lastKnownFileType = sourcecode.c.h; path = Singleton.h; sourceTree = "<group>"; };
		602DDA2E25FDFAF400C3FA7F /* Engine.h */ = {isa = PBXFileReference; lastKnownFileType = sourcecode.c.h; path = Engine.h; sourceTree = "<group>"; };
		602DDA3025FDFB0C00C3FA7F /* Assert.h */ = {isa = PBXFileReference; lastKnownFileType = sourcecode.c.h; path = Assert.h; sourceTree = "<group>"; };
		602DDA3125FDFB2100C3FA7F /* Inline.h */ = {isa = PBXFileReference; lastKnownFileType = sourcecode.c.h; path = Inline.h; sourceTree = "<group>"; };
		602DDA3225FDFB4D00C3FA7F /* Arguments.h */ = {isa = PBXFileReference; lastKnownFileType = sourcecode.c.h; path = Arguments.h; sourceTree = "<group>"; };
		602DDA3625FDFDC400C3FA7F /* Root.cpp */ = {isa = PBXFileReference; lastKnownFileType = sourcecode.cpp.cpp; path = Root.cpp; sourceTree = "<group>"; };
		602DDA3725FDFDC400C3FA7F /* Root.h */ = {isa = PBXFileReference; lastKnownFileType = sourcecode.c.h; path = Root.h; sourceTree = "<group>"; };
		602DDA3C25FDFEC800C3FA7F /* EngineConfig.h */ = {isa = PBXFileReference; lastKnownFileType = sourcecode.c.h; path = EngineConfig.h; sourceTree = "<group>"; };
		602DDA4025FDFFD300C3FA7F /* BaseManager.cpp */ = {isa = PBXFileReference; lastKnownFileType = sourcecode.cpp.cpp; path = BaseManager.cpp; sourceTree = "<group>"; };
		602DDA4125FDFFD300C3FA7F /* BaseManager.h */ = {isa = PBXFileReference; lastKnownFileType = sourcecode.c.h; path = BaseManager.h; sourceTree = "<group>"; };
		602DDA4725FE01E300C3FA7F /* RenderManager.cpp */ = {isa = PBXFileReference; lastKnownFileType = sourcecode.cpp.cpp; path = RenderManager.cpp; sourceTree = "<group>"; };
		602DDA4825FE01E300C3FA7F /* RenderManager.h */ = {isa = PBXFileReference; lastKnownFileType = sourcecode.c.h; path = RenderManager.h; sourceTree = "<group>"; };
		602DDA5125FE028000C3FA7F /* RenderConfig.h */ = {isa = PBXFileReference; lastKnownFileType = sourcecode.c.h; path = RenderConfig.h; sourceTree = "<group>"; };
		602DDA5425FE034400C3FA7F /* ResourceManager.cpp */ = {isa = PBXFileReference; lastKnownFileType = sourcecode.cpp.cpp; path = ResourceManager.cpp; sourceTree = "<group>"; };
		602DDA5525FE034400C3FA7F /* ResourceManager.h */ = {isa = PBXFileReference; lastKnownFileType = sourcecode.c.h; path = ResourceManager.h; sourceTree = "<group>"; };
		602DDA5925FE037C00C3FA7F /* ResourceConfig.h */ = {isa = PBXFileReference; lastKnownFileType = sourcecode.c.h; path = ResourceConfig.h; sourceTree = "<group>"; };
		602DDA5C25FE043F00C3FA7F /* BaseRenderer.cpp */ = {isa = PBXFileReference; lastKnownFileType = sourcecode.cpp.cpp; path = BaseRenderer.cpp; sourceTree = "<group>"; };
		602DDA5D25FE043F00C3FA7F /* BaseRenderer.h */ = {isa = PBXFileReference; lastKnownFileType = sourcecode.c.h; path = BaseRenderer.h; sourceTree = "<group>"; };
		602DDA6125FE049700C3FA7F /* Renderer_OpenGL.cpp */ = {isa = PBXFileReference; lastKnownFileType = sourcecode.cpp.cpp; path = Renderer_OpenGL.cpp; sourceTree = "<group>"; };
		602DDA6225FE049700C3FA7F /* Renderer_OpenGL.h */ = {isa = PBXFileReference; lastKnownFileType = sourcecode.c.h; path = Renderer_OpenGL.h; sourceTree = "<group>"; };
		602DDA6625FE04CF00C3FA7F /* OpenGL.h */ = {isa = PBXFileReference; lastKnownFileType = sourcecode.c.h; path = OpenGL.h; sourceTree = "<group>"; };
		602DDA6825FE04FE00C3FA7F /* GLUT.framework */ = {isa = PBXFileReference; lastKnownFileType = wrapper.framework; name = GLUT.framework; path = System/Library/Frameworks/GLUT.framework; sourceTree = SDKROOT; };
		602DDA6925FE04FE00C3FA7F /* OpenGL.framework */ = {isa = PBXFileReference; lastKnownFileType = wrapper.framework; name = OpenGL.framework; path = System/Library/Frameworks/OpenGL.framework; sourceTree = SDKROOT; };
		602DDA6E25FE08C700C3FA7F /* StaticMesh.h */ = {isa = PBXFileReference; lastKnownFileType = sourcecode.c.h; path = StaticMesh.h; sourceTree = "<group>"; };
		602DDA6F25FE08E700C3FA7F /* Resource.h */ = {isa = PBXFileReference; lastKnownFileType = sourcecode.c.h; path = Resource.h; sourceTree = "<group>"; };
		602DDA7025FE091600C3FA7F /* Resource.cpp */ = {isa = PBXFileReference; lastKnownFileType = sourcecode.cpp.cpp; path = Resource.cpp; sourceTree = "<group>"; };
		602DDA7425FE09A600C3FA7F /* Vector.cpp */ = {isa = PBXFileReference; lastKnownFileType = sourcecode.cpp.cpp; path = Vector.cpp; sourceTree = "<group>"; };
		602DDA7525FE09A600C3FA7F /* Vector.h */ = {isa = PBXFileReference; lastKnownFileType = sourcecode.c.h; path = Vector.h; sourceTree = "<group>"; };
		602DDA7A25FE0ACB00C3FA7F /* StaticMesh.cpp */ = {isa = PBXFileReference; lastKnownFileType = sourcecode.cpp.cpp; path = StaticMesh.cpp; sourceTree = "<group>"; };
		602DDA8025FE0EDB00C3FA7F /* ActorComponent.cpp */ = {isa = PBXFileReference; lastKnownFileType = sourcecode.cpp.cpp; path = ActorComponent.cpp; sourceTree = "<group>"; };
		602DDA8125FE0EDB00C3FA7F /* ActorComponent.h */ = {isa = PBXFileReference; lastKnownFileType = sourcecode.c.h; path = ActorComponent.h; sourceTree = "<group>"; };
		602DDA8725FE0F6F00C3FA7F /* SceneComponent.cpp */ = {isa = PBXFileReference; lastKnownFileType = sourcecode.cpp.cpp; path = SceneComponent.cpp; sourceTree = "<group>"; };
		602DDA8825FE0F6F00C3FA7F /* SceneComponent.h */ = {isa = PBXFileReference; lastKnownFileType = sourcecode.c.h; path = SceneComponent.h; sourceTree = "<group>"; };
		602DDA8B25FE0FB600C3FA7F /* Transform.cpp */ = {isa = PBXFileReference; lastKnownFileType = sourcecode.cpp.cpp; path = Transform.cpp; sourceTree = "<group>"; };
		602DDA8C25FE0FB600C3FA7F /* Transform.h */ = {isa = PBXFileReference; lastKnownFileType = sourcecode.c.h; path = Transform.h; sourceTree = "<group>"; };
		602DDA9025FE11BE00C3FA7F /* PrimitiveComponent.cpp */ = {isa = PBXFileReference; lastKnownFileType = sourcecode.cpp.cpp; path = PrimitiveComponent.cpp; sourceTree = "<group>"; };
		602DDA9125FE11BE00C3FA7F /* PrimitiveComponent.h */ = {isa = PBXFileReference; lastKnownFileType = sourcecode.c.h; path = PrimitiveComponent.h; sourceTree = "<group>"; };
		602DDA9625FE122E00C3FA7F /* Actor.cpp */ = {isa = PBXFileReference; lastKnownFileType = sourcecode.cpp.cpp; path = Actor.cpp; sourceTree = "<group>"; };
		602DDA9725FE122E00C3FA7F /* Actor.h */ = {isa = PBXFileReference; lastKnownFileType = sourcecode.c.h; path = Actor.h; sourceTree = "<group>"; };
		602DDA9E25FE137B00C3FA7F /* World.cpp */ = {isa = PBXFileReference; lastKnownFileType = sourcecode.cpp.cpp; path = World.cpp; sourceTree = "<group>"; };
		602DDA9F25FE137B00C3FA7F /* World.h */ = {isa = PBXFileReference; lastKnownFileType = sourcecode.c.h; path = World.h; sourceTree = "<group>"; };
		602DDAA425FE1C6D00C3FA7F /* StaticMeshComponent.cpp */ = {isa = PBXFileReference; lastKnownFileType = sourcecode.cpp.cpp; path = StaticMeshComponent.cpp; sourceTree = "<group>"; };
		602DDAA525FE1C6D00C3FA7F /* StaticMeshComponent.h */ = {isa = PBXFileReference; lastKnownFileType = sourcecode.c.h; path = StaticMeshComponent.h; sourceTree = "<group>"; };
/* End PBXFileReference section */

/* Begin PBXFrameworksBuildPhase section */
		602DDA1425FDF7A800C3FA7F /* Frameworks */ = {
			isa = PBXFrameworksBuildPhase;
			buildActionMask = 2147483647;
			files = (
				602DDA6A25FE04FE00C3FA7F /* GLUT.framework in Frameworks */,
				602DDA6B25FE04FE00C3FA7F /* OpenGL.framework in Frameworks */,
			);
			runOnlyForDeploymentPostprocessing = 0;
		};
/* End PBXFrameworksBuildPhase section */

/* Begin PBXGroup section */
		602DDA0E25FDF7A800C3FA7F = {
			isa = PBXGroup;
			children = (
				602DDA1925FDF7A800C3FA7F /* EEEEE */,
				602DDA1825FDF7A800C3FA7F /* Products */,
				602DDA6725FE04FE00C3FA7F /* Frameworks */,
			);
			sourceTree = "<group>";
		};
		602DDA1825FDF7A800C3FA7F /* Products */ = {
			isa = PBXGroup;
			children = (
				602DDA1725FDF7A800C3FA7F /* EEEEE */,
			);
			name = Products;
			sourceTree = "<group>";
		};
		602DDA1925FDF7A800C3FA7F /* EEEEE */ = {
			isa = PBXGroup;
			children = (
				602DDA2425FDF8E800C3FA7F /* Engine */,
				602DDA2325FDF8DA00C3FA7F /* Game */,
				602DDA1A25FDF7A800C3FA7F /* main.cpp */,
			);
			path = EEEEE;
			sourceTree = "<group>";
		};
		602DDA2325FDF8DA00C3FA7F /* Game */ = {
			isa = PBXGroup;
			children = (
				602DDA2525FDF8FF00C3FA7F /* ClientApp.cpp */,
				602DDA2625FDF8FF00C3FA7F /* ClientApp.h */,
			);
			path = Game;
			sourceTree = "<group>";
		};
		602DDA2425FDF8E800C3FA7F /* Engine */ = {
			isa = PBXGroup;
			children = (
				602DDA9C25FE136B00C3FA7F /* Game */,
				602DDA7F25FE0EBA00C3FA7F /* Component */,
				602DDA7E25FE0EB400C3FA7F /* Actor */,
				602DDA4D25FE021700C3FA7F /* Render */,
				602DDA6D25FE08B300C3FA7F /* Resource */,
				602DDA3E25FDFFB600C3FA7F /* Manager */,
				602DDA3B25FDFEBD00C3FA7F /* Config */,
				602DDA2925FDF97900C3FA7F /* Common */,
				602DDA3625FDFDC400C3FA7F /* Root.cpp */,
				602DDA3725FDFDC400C3FA7F /* Root.h */,
			);
			path = Engine;
			sourceTree = "<group>";
		};
		602DDA2925FDF97900C3FA7F /* Common */ = {
			isa = PBXGroup;
			children = (
				602DDA7325FE098900C3FA7F /* Math */,
				602DDA2F25FDFAFE00C3FA7F /* Misc */,
				602DDA2C25FDFA0700C3FA7F /* Pattern */,
				602DDA2E25FDFAF400C3FA7F /* Engine.h */,
			);
			path = Common;
			sourceTree = "<group>";
		};
		602DDA2C25FDFA0700C3FA7F /* Pattern */ = {
			isa = PBXGroup;
			children = (
				602DDA2D25FDFA1C00C3FA7F /* Singleton.h */,
			);
			path = Pattern;
			sourceTree = "<group>";
		};
		602DDA2F25FDFAFE00C3FA7F /* Misc */ = {
			isa = PBXGroup;
			children = (
				602DDA3025FDFB0C00C3FA7F /* Assert.h */,
				602DDA3125FDFB2100C3FA7F /* Inline.h */,
				602DDA3225FDFB4D00C3FA7F /* Arguments.h */,
			);
			path = Misc;
			sourceTree = "<group>";
		};
		602DDA3B25FDFEBD00C3FA7F /* Config */ = {
			isa = PBXGroup;
			children = (
				602DDA3C25FDFEC800C3FA7F /* EngineConfig.h */,
				602DDA5125FE028000C3FA7F /* RenderConfig.h */,
				602DDA5925FE037C00C3FA7F /* ResourceConfig.h */,
			);
			path = Config;
			sourceTree = "<group>";
		};
		602DDA3E25FDFFB600C3FA7F /* Manager */ = {
			isa = PBXGroup;
			children = (
				602DDA4025FDFFD300C3FA7F /* BaseManager.cpp */,
				602DDA4125FDFFD300C3FA7F /* BaseManager.h */,
				602DDA4725FE01E300C3FA7F /* RenderManager.cpp */,
				602DDA4825FE01E300C3FA7F /* RenderManager.h */,
				602DDA5425FE034400C3FA7F /* ResourceManager.cpp */,
				602DDA5525FE034400C3FA7F /* ResourceManager.h */,
			);
			path = Manager;
			sourceTree = "<group>";
		};
		602DDA4D25FE021700C3FA7F /* Render */ = {
			isa = PBXGroup;
			children = (
				602DDA4F25FE025200C3FA7F /* Renderer_OpenGL */,
				602DDA5C25FE043F00C3FA7F /* BaseRenderer.cpp */,
				602DDA5D25FE043F00C3FA7F /* BaseRenderer.h */,
			);
			path = Render;
			sourceTree = "<group>";
		};
		602DDA4F25FE025200C3FA7F /* Renderer_OpenGL */ = {
			isa = PBXGroup;
			children = (
				602DDA6125FE049700C3FA7F /* Renderer_OpenGL.cpp */,
				602DDA6225FE049700C3FA7F /* Renderer_OpenGL.h */,
				602DDA6625FE04CF00C3FA7F /* OpenGL.h */,
			);
			path = Renderer_OpenGL;
			sourceTree = "<group>";
		};
		602DDA6725FE04FE00C3FA7F /* Frameworks */ = {
			isa = PBXGroup;
			children = (
				602DDA6825FE04FE00C3FA7F /* GLUT.framework */,
				602DDA6925FE04FE00C3FA7F /* OpenGL.framework */,
			);
			name = Frameworks;
			sourceTree = "<group>";
		};
		602DDA6D25FE08B300C3FA7F /* Resource */ = {
			isa = PBXGroup;
			children = (
				602DDA6E25FE08C700C3FA7F /* StaticMesh.h */,
				602DDA7A25FE0ACB00C3FA7F /* StaticMesh.cpp */,
				602DDA6F25FE08E700C3FA7F /* Resource.h */,
				602DDA7025FE091600C3FA7F /* Resource.cpp */,
			);
			path = Resource;
			sourceTree = "<group>";
		};
		602DDA7325FE098900C3FA7F /* Math */ = {
			isa = PBXGroup;
			children = (
				602DDA7425FE09A600C3FA7F /* Vector.cpp */,
				602DDA7525FE09A600C3FA7F /* Vector.h */,
				602DDA8B25FE0FB600C3FA7F /* Transform.cpp */,
				602DDA8C25FE0FB600C3FA7F /* Transform.h */,
			);
			path = Math;
			sourceTree = "<group>";
		};
		602DDA7E25FE0EB400C3FA7F /* Actor */ = {
			isa = PBXGroup;
			children = (
				602DDA9625FE122E00C3FA7F /* Actor.cpp */,
				602DDA9725FE122E00C3FA7F /* Actor.h */,
			);
			path = Actor;
			sourceTree = "<group>";
		};
		602DDA7F25FE0EBA00C3FA7F /* Component */ = {
			isa = PBXGroup;
			children = (
				602DDA8025FE0EDB00C3FA7F /* ActorComponent.cpp */,
				602DDA8125FE0EDB00C3FA7F /* ActorComponent.h */,
				602DDA8725FE0F6F00C3FA7F /* SceneComponent.cpp */,
				602DDA8825FE0F6F00C3FA7F /* SceneComponent.h */,
				602DDA9025FE11BE00C3FA7F /* PrimitiveComponent.cpp */,
				602DDA9125FE11BE00C3FA7F /* PrimitiveComponent.h */,
				602DDAA425FE1C6D00C3FA7F /* StaticMeshComponent.cpp */,
				602DDAA525FE1C6D00C3FA7F /* StaticMeshComponent.h */,
			);
			path = Component;
			sourceTree = "<group>";
		};
		602DDA9C25FE136B00C3FA7F /* Game */ = {
			isa = PBXGroup;
			children = (
				602DDA9D25FE137300C3FA7F /* World */,
			);
			path = Game;
			sourceTree = "<group>";
		};
		602DDA9D25FE137300C3FA7F /* World */ = {
			isa = PBXGroup;
			children = (
				602DDA9E25FE137B00C3FA7F /* World.cpp */,
				602DDA9F25FE137B00C3FA7F /* World.h */,
			);
			path = World;
			sourceTree = "<group>";
		};
/* End PBXGroup section */

/* Begin PBXNativeTarget section */
		602DDA1625FDF7A800C3FA7F /* EEEEE */ = {
			isa = PBXNativeTarget;
			buildConfigurationList = 602DDA1E25FDF7A800C3FA7F /* Build configuration list for PBXNativeTarget "EEEEE" */;
			buildPhases = (
				602DDA1325FDF7A800C3FA7F /* Sources */,
				602DDA1425FDF7A800C3FA7F /* Frameworks */,
				602DDA1525FDF7A800C3FA7F /* CopyFiles */,
			);
			buildRules = (
			);
			dependencies = (
			);
			name = EEEEE;
			productName = EEEEE;
			productReference = 602DDA1725FDF7A800C3FA7F /* EEEEE */;
			productType = "com.apple.product-type.tool";
		};
/* End PBXNativeTarget section */

/* Begin PBXProject section */
		602DDA0F25FDF7A800C3FA7F /* Project object */ = {
			isa = PBXProject;
			attributes = {
				LastUpgradeCheck = 1240;
				TargetAttributes = {
					602DDA1625FDF7A800C3FA7F = {
						CreatedOnToolsVersion = 12.4;
					};
				};
			};
			buildConfigurationList = 602DDA1225FDF7A800C3FA7F /* Build configuration list for PBXProject "EEEEE" */;
			compatibilityVersion = "Xcode 9.3";
			developmentRegion = en;
			hasScannedForEncodings = 0;
			knownRegions = (
				en,
				Base,
			);
			mainGroup = 602DDA0E25FDF7A800C3FA7F;
			productRefGroup = 602DDA1825FDF7A800C3FA7F /* Products */;
			projectDirPath = "";
			projectRoot = "";
			targets = (
				602DDA1625FDF7A800C3FA7F /* EEEEE */,
			);
		};
/* End PBXProject section */

/* Begin PBXSourcesBuildPhase section */
		602DDA1325FDF7A800C3FA7F /* Sources */ = {
			isa = PBXSourcesBuildPhase;
			buildActionMask = 2147483647;
			files = (
				602DDA8D25FE0FB600C3FA7F /* Transform.cpp in Sources */,
				602DDA9225FE11BE00C3FA7F /* PrimitiveComponent.cpp in Sources */,
				602DDA3825FDFDC400C3FA7F /* Root.cpp in Sources */,
				602DDA9825FE122E00C3FA7F /* Actor.cpp in Sources */,
				602DDA2725FDF8FF00C3FA7F /* ClientApp.cpp in Sources */,
				602DDA7625FE09A600C3FA7F /* Vector.cpp in Sources */,
				602DDA8225FE0EDB00C3FA7F /* ActorComponent.cpp in Sources */,
				602DDA7125FE091600C3FA7F /* Resource.cpp in Sources */,
				602DDA8925FE0F6F00C3FA7F /* SceneComponent.cpp in Sources */,
				602DDA4225FDFFD300C3FA7F /* BaseManager.cpp in Sources */,
				602DDA7B25FE0ACB00C3FA7F /* StaticMesh.cpp in Sources */,
				602DDA5E25FE043F00C3FA7F /* BaseRenderer.cpp in Sources */,
				602DDA4925FE01E300C3FA7F /* RenderManager.cpp in Sources */,
				602DDA1B25FDF7A800C3FA7F /* main.cpp in Sources */,
				602DDA5625FE034400C3FA7F /* ResourceManager.cpp in Sources */,
				602DDA6325FE049700C3FA7F /* Renderer_OpenGL.cpp in Sources */,
				602DDAA625FE1C6D00C3FA7F /* StaticMeshComponent.cpp in Sources */,
				602DDAA025FE137B00C3FA7F /* World.cpp in Sources */,
			);
			runOnlyForDeploymentPostprocessing = 0;
		};
/* End PBXSourcesBuildPhase section */

/* Begin XCBuildConfiguration section */
		602DDA1C25FDF7A800C3FA7F /* Debug */ = {
			isa = XCBuildConfiguration;
			buildSettings = {
				ALWAYS_SEARCH_USER_PATHS = NO;
				CLANG_ANALYZER_NONNULL = YES;
				CLANG_ANALYZER_NUMBER_OBJECT_CONVERSION = YES_AGGRESSIVE;
				CLANG_CXX_LANGUAGE_STANDARD = "gnu++14";
				CLANG_CXX_LIBRARY = "libc++";
				CLANG_ENABLE_MODULES = YES;
				CLANG_ENABLE_OBJC_ARC = YES;
				CLANG_ENABLE_OBJC_WEAK = YES;
				CLANG_WARN_BLOCK_CAPTURE_AUTORELEASING = YES;
				CLANG_WARN_BOOL_CONVERSION = YES;
				CLANG_WARN_COMMA = YES;
				CLANG_WARN_CONSTANT_CONVERSION = YES;
				CLANG_WARN_DEPRECATED_OBJC_IMPLEMENTATIONS = YES;
				CLANG_WARN_DIRECT_OBJC_ISA_USAGE = YES_ERROR;
				CLANG_WARN_DOCUMENTATION_COMMENTS = YES;
				CLANG_WARN_EMPTY_BODY = YES;
				CLANG_WARN_ENUM_CONVERSION = YES;
				CLANG_WARN_INFINITE_RECURSION = YES;
				CLANG_WARN_INT_CONVERSION = YES;
				CLANG_WARN_NON_LITERAL_NULL_CONVERSION = YES;
				CLANG_WARN_OBJC_IMPLICIT_RETAIN_SELF = YES;
				CLANG_WARN_OBJC_LITERAL_CONVERSION = YES;
				CLANG_WARN_OBJC_ROOT_CLASS = YES_ERROR;
				CLANG_WARN_QUOTED_INCLUDE_IN_FRAMEWORK_HEADER = YES;
				CLANG_WARN_RANGE_LOOP_ANALYSIS = YES;
				CLANG_WARN_STRICT_PROTOTYPES = YES;
				CLANG_WARN_SUSPICIOUS_MOVE = YES;
				CLANG_WARN_UNGUARDED_AVAILABILITY = YES_AGGRESSIVE;
				CLANG_WARN_UNREACHABLE_CODE = YES;
				CLANG_WARN__DUPLICATE_METHOD_MATCH = YES;
				COPY_PHASE_STRIP = NO;
				DEBUG_INFORMATION_FORMAT = dwarf;
				ENABLE_STRICT_OBJC_MSGSEND = YES;
				ENABLE_TESTABILITY = YES;
				GCC_C_LANGUAGE_STANDARD = gnu11;
				GCC_DYNAMIC_NO_PIC = NO;
				GCC_NO_COMMON_BLOCKS = YES;
				GCC_OPTIMIZATION_LEVEL = 0;
				GCC_PREPROCESSOR_DEFINITIONS = (
					"DEBUG=1",
					"$(inherited)",
				);
				GCC_WARN_64_TO_32_BIT_CONVERSION = YES;
				GCC_WARN_ABOUT_RETURN_TYPE = YES_ERROR;
				GCC_WARN_UNDECLARED_SELECTOR = YES;
				GCC_WARN_UNINITIALIZED_AUTOS = YES_AGGRESSIVE;
				GCC_WARN_UNUSED_FUNCTION = YES;
				GCC_WARN_UNUSED_VARIABLE = YES;
				MACOSX_DEPLOYMENT_TARGET = 11.1;
				MTL_ENABLE_DEBUG_INFO = INCLUDE_SOURCE;
				MTL_FAST_MATH = YES;
				ONLY_ACTIVE_ARCH = YES;
				SDKROOT = macosx;
			};
			name = Debug;
		};
		602DDA1D25FDF7A800C3FA7F /* Release */ = {
			isa = XCBuildConfiguration;
			buildSettings = {
				ALWAYS_SEARCH_USER_PATHS = NO;
				CLANG_ANALYZER_NONNULL = YES;
				CLANG_ANALYZER_NUMBER_OBJECT_CONVERSION = YES_AGGRESSIVE;
				CLANG_CXX_LANGUAGE_STANDARD = "gnu++14";
				CLANG_CXX_LIBRARY = "libc++";
				CLANG_ENABLE_MODULES = YES;
				CLANG_ENABLE_OBJC_ARC = YES;
				CLANG_ENABLE_OBJC_WEAK = YES;
				CLANG_WARN_BLOCK_CAPTURE_AUTORELEASING = YES;
				CLANG_WARN_BOOL_CONVERSION = YES;
				CLANG_WARN_COMMA = YES;
				CLANG_WARN_CONSTANT_CONVERSION = YES;
				CLANG_WARN_DEPRECATED_OBJC_IMPLEMENTATIONS = YES;
				CLANG_WARN_DIRECT_OBJC_ISA_USAGE = YES_ERROR;
				CLANG_WARN_DOCUMENTATION_COMMENTS = YES;
				CLANG_WARN_EMPTY_BODY = YES;
				CLANG_WARN_ENUM_CONVERSION = YES;
				CLANG_WARN_INFINITE_RECURSION = YES;
				CLANG_WARN_INT_CONVERSION = YES;
				CLANG_WARN_NON_LITERAL_NULL_CONVERSION = YES;
				CLANG_WARN_OBJC_IMPLICIT_RETAIN_SELF = YES;
				CLANG_WARN_OBJC_LITERAL_CONVERSION = YES;
				CLANG_WARN_OBJC_ROOT_CLASS = YES_ERROR;
				CLANG_WARN_QUOTED_INCLUDE_IN_FRAMEWORK_HEADER = YES;
				CLANG_WARN_RANGE_LOOP_ANALYSIS = YES;
				CLANG_WARN_STRICT_PROTOTYPES = YES;
				CLANG_WARN_SUSPICIOUS_MOVE = YES;
				CLANG_WARN_UNGUARDED_AVAILABILITY = YES_AGGRESSIVE;
				CLANG_WARN_UNREACHABLE_CODE = YES;
				CLANG_WARN__DUPLICATE_METHOD_MATCH = YES;
				COPY_PHASE_STRIP = NO;
				DEBUG_INFORMATION_FORMAT = "dwarf-with-dsym";
				ENABLE_NS_ASSERTIONS = NO;
				ENABLE_STRICT_OBJC_MSGSEND = YES;
				GCC_C_LANGUAGE_STANDARD = gnu11;
				GCC_NO_COMMON_BLOCKS = YES;
				GCC_WARN_64_TO_32_BIT_CONVERSION = YES;
				GCC_WARN_ABOUT_RETURN_TYPE = YES_ERROR;
				GCC_WARN_UNDECLARED_SELECTOR = YES;
				GCC_WARN_UNINITIALIZED_AUTOS = YES_AGGRESSIVE;
				GCC_WARN_UNUSED_FUNCTION = YES;
				GCC_WARN_UNUSED_VARIABLE = YES;
				MACOSX_DEPLOYMENT_TARGET = 11.1;
				MTL_ENABLE_DEBUG_INFO = NO;
				MTL_FAST_MATH = YES;
				SDKROOT = macosx;
			};
			name = Release;
		};
		602DDA1F25FDF7A800C3FA7F /* Debug */ = {
			isa = XCBuildConfiguration;
			buildSettings = {
				CODE_SIGN_STYLE = Automatic;
				HEADER_SEARCH_PATHS = ./EEEEE/;
				PRODUCT_NAME = "$(TARGET_NAME)";
			};
			name = Debug;
		};
		602DDA2025FDF7A800C3FA7F /* Release */ = {
			isa = XCBuildConfiguration;
			buildSettings = {
				CODE_SIGN_STYLE = Automatic;
				HEADER_SEARCH_PATHS = ./EEEEE/;
				PRODUCT_NAME = "$(TARGET_NAME)";
			};
			name = Release;
		};
/* End XCBuildConfiguration section */

/* Begin XCConfigurationList section */
		602DDA1225FDF7A800C3FA7F /* Build configuration list for PBXProject "EEEEE" */ = {
			isa = XCConfigurationList;
			buildConfigurations = (
				602DDA1C25FDF7A800C3FA7F /* Debug */,
				602DDA1D25FDF7A800C3FA7F /* Release */,
			);
			defaultConfigurationIsVisible = 0;
			defaultConfigurationName = Release;
		};
		602DDA1E25FDF7A800C3FA7F /* Build configuration list for PBXNativeTarget "EEEEE" */ = {
			isa = XCConfigurationList;
			buildConfigurations = (
				602DDA1F25FDF7A800C3FA7F /* Debug */,
				602DDA2025FDF7A800C3FA7F /* Release */,
			);
			defaultConfigurationIsVisible = 0;
			defaultConfigurationName = Release;
		};
/* End XCConfigurationList section */
	};
	rootObject = 602DDA0F25FDF7A800C3FA7F /* Project object */;
}
